
Microsoft Visual Studio Solution File, Format Version 12.00
# Visual Studio Version 17
VisualStudioVersion = 17.0.31919.166
MinimumVisualStudioVersion = 10.0.40219.1
Project("{9A19103F-16F7-4668-BE54-9A1E7A4F7556}") = "Random Team Generator", "Random Team Generator.csproj", "{EFB8E3E4-260B-46F6-8B49-60AC1CD58E3C}"
EndProject
Global
	GlobalSection(SolutionConfigurationPlatforms) = preSolution
		Debug|Any CPU = Debug|Any CPU
		Release|Any CPU = Release|Any CPU
	EndGlobalSection
	GlobalSection(ProjectConfigurationPlatforms) = postSolution
		{EFB8E3E4-260B-46F6-8B49-60AC1CD58E3C}.Debug|Any CPU.ActiveCfg = Debug|Any CPU
		{EFB8E3E4-260B-46F6-8B49-60AC1CD58E3C}.Debug|Any CPU.Build.0 = Debug|Any CPU
		{EFB8E3E4-260B-46F6-8B49-60AC1CD58E3C}.Release|Any CPU.ActiveCfg = Release|Any CPU
		{EFB8E3E4-260B-46F6-8B49-60AC1CD58E3C}.Release|Any CPU.Build.0 = Release|Any CPU
	EndGlobalSection
	GlobalSection(SolutionProperties) = preSolution
		HideSolutionNode = FALSE
	EndGlobalSection
	GlobalSection(ExtensibilityGlobals) = postSolution
		SolutionGuid = {5FF87484-C219-41C3-AB8F-9C10C593B927}
	EndGlobalSection
EndGlobal
